
Microsoft Visual Studio Solution File, Format Version 12.00
# Visual Studio 14
VisualStudioVersion = 14.0.23107.0
MinimumVisualStudioVersion = 10.0.40219.1
Project("{FAE04EC0-301F-11D3-BF4B-00C04F79EFBC}") = "_1_Play-With-Trees", "_1_Play-With-Trees\_1_Play-With-Trees.csproj", "{51FC96FA-4A2A-4B58-9B55-25119483D257}"
EndProject
Global
	GlobalSection(SolutionConfigurationPlatforms) = preSolution
		Debug|Any CPU = Debug|Any CPU
		Release|Any CPU = Release|Any CPU
	EndGlobalSection
	GlobalSection(ProjectConfigurationPlatforms) = postSolution
		{51FC96FA-4A2A-4B58-9B55-25119483D257}.Debug|Any CPU.ActiveCfg = Debug|Any CPU
		{51FC96FA-4A2A-4B58-9B55-25119483D257}.Debug|Any CPU.Build.0 = Debug|Any CPU
		{51FC96FA-4A2A-4B58-9B55-25119483D257}.Release|Any CPU.ActiveCfg = Release|Any CPU
		{51FC96FA-4A2A-4B58-9B55-25119483D257}.Release|Any CPU.Build.0 = Release|Any CPU
	EndGlobalSection
	GlobalSection(SolutionProperties) = preSolution
		HideSolutionNode = FALSE
	EndGlobalSection
EndGlobal
