
Microsoft Visual Studio Solution File, Format Version 12.00
# Visual Studio 2013
VisualStudioVersion = 12.0.40629.0
MinimumVisualStudioVersion = 10.0.40219.1
Project("{FAE04EC0-301F-11D3-BF4B-00C04F79EFBC}") = "_1_Price-Range", "_1_Price-Range\_1_Price-Range.csproj", "{78D9DD44-F101-40F7-B32F-4B35F5B60EA6}"
EndProject
Project("{FAE04EC0-301F-11D3-BF4B-00C04F79EFBC}") = "_2_String-Editor", "_2_String-Editor\_2_String-Editor.csproj", "{C75B8769-DB90-4206-9251-63E54B314CFF}"
EndProject
Global
	GlobalSection(SolutionConfigurationPlatforms) = preSolution
		Debug|Any CPU = Debug|Any CPU
		Release|Any CPU = Release|Any CPU
	EndGlobalSection
	GlobalSection(ProjectConfigurationPlatforms) = postSolution
		{78D9DD44-F101-40F7-B32F-4B35F5B60EA6}.Debug|Any CPU.ActiveCfg = Debug|Any CPU
		{78D9DD44-F101-40F7-B32F-4B35F5B60EA6}.Debug|Any CPU.Build.0 = Debug|Any CPU
		{78D9DD44-F101-40F7-B32F-4B35F5B60EA6}.Release|Any CPU.ActiveCfg = Release|Any CPU
		{78D9DD44-F101-40F7-B32F-4B35F5B60EA6}.Release|Any CPU.Build.0 = Release|Any CPU
		{C75B8769-DB90-4206-9251-63E54B314CFF}.Debug|Any CPU.ActiveCfg = Debug|Any CPU
		{C75B8769-DB90-4206-9251-63E54B314CFF}.Debug|Any CPU.Build.0 = Debug|Any CPU
		{C75B8769-DB90-4206-9251-63E54B314CFF}.Release|Any CPU.ActiveCfg = Release|Any CPU
		{C75B8769-DB90-4206-9251-63E54B314CFF}.Release|Any CPU.Build.0 = Release|Any CPU
	EndGlobalSection
	GlobalSection(SolutionProperties) = preSolution
		HideSolutionNode = FALSE
	EndGlobalSection
EndGlobal
